# THIS IS AN AUTOGENERATED FILE. DO NOT EDIT THIS FILE DIRECTLY.
# yarn lockfile v1


is-plain-object@^2.0.4:
  version "2.0.4"
  resolved "https://registry.yarnpkg.com/is-plain-object/-/is-plain-object-2.0.4.tgz#2c163b3fafb1b606d9d17928f05c2a1c38e07677"
  integrity sha512-h5PpgXkWitc38BBMYawTYMWJHFZJVnBquFE57xFpjB8pJFiF6gZ+bU+WyI/yqXiFR5mdLsgYNaPe8uao6Uv9Og==
  dependencies:
    isobject "^3.0.1"

isobject@^3.0.1:
  version "3.0.1"
  resolved "https://registry.yarnpkg.com/isobject/-/isobject-3.0.1.tgz#4e431e92b11a9731636aa1f9c8d1ccbcfdab78df"
  integrity sha1-TkMekrEalzFjaqH5yNHMvP2reN8=

jquery@3.0.0:
  version "3.0.0"
  resolved "https://registry.yarnpkg.com/jquery/-/jquery-3.0.0.tgz#95a2a9541291a9f819e016f85ba247116d03e4ab"
  integrity sha1-laKpVBKRqfgZ4Bb4W6JHEW0D5Ks=

set-value@3.0.0:
  version "3.0.0"
  resolved "https://registry.yarnpkg.com/set-value/-/set-value-3.0.0.tgz#bc021514f46effed8176fd5f0f67e9988531141f"
  integrity sha512-tqkg9wJ2TOsxbzIMG5NMAmzjdbDTAD0in7XuUzmFpJE4Ipi2QFBfgC2Z1/gfxcAmWCPsuutiEJyDIMRsrjrMOQ==
  dependencies:
    is-plain-object "^2.0.4"
